
Microsoft Visual Studio Solution File, Format Version 12.00
# Visual Studio Version 17
VisualStudioVersion = 17.11.35312.102
MinimumVisualStudioVersion = 10.0.40219.1
Project("{54A90642-561A-4BB1-A94E-469ADEE60C69}") = "fl-small-mercies", "fl-small-mercies.esproj", "{0828023E-CE27-4825-8F54-E05197235C53}"
EndProject
Global
	GlobalSection(SolutionConfigurationPlatforms) = preSolution
		Debug|Any CPU = Debug|Any CPU
		Release|Any CPU = Release|Any CPU
	EndGlobalSection
	GlobalSection(ProjectConfigurationPlatforms) = postSolution
		{0828023E-CE27-4825-8F54-E05197235C53}.Debug|Any CPU.ActiveCfg = Debug|Any CPU
		{0828023E-CE27-4825-8F54-E05197235C53}.Debug|Any CPU.Build.0 = Debug|Any CPU
		{0828023E-CE27-4825-8F54-E05197235C53}.Debug|Any CPU.Deploy.0 = Debug|Any CPU
		{0828023E-CE27-4825-8F54-E05197235C53}.Release|Any CPU.ActiveCfg = Release|Any CPU
		{0828023E-CE27-4825-8F54-E05197235C53}.Release|Any CPU.Build.0 = Release|Any CPU
		{0828023E-CE27-4825-8F54-E05197235C53}.Release|Any CPU.Deploy.0 = Release|Any CPU
	EndGlobalSection
	GlobalSection(SolutionProperties) = preSolution
		HideSolutionNode = FALSE
	EndGlobalSection
	GlobalSection(ExtensibilityGlobals) = postSolution
		SolutionGuid = {8B14A130-E1B5-446C-ABE6-6E11C118FE35}
	EndGlobalSection
EndGlobal
